// !$*UTF8*$!
{
	archiveVersion = 1;
	classes = {
	};
	objectVersion = 77;
	objects = {

/* Begin PBXBuildFile section */
		84B1971A2D78D324000AD0A5 /* QuizRepo.framework in Frameworks */ = {isa = PBXBuildFile; fileRef = 845522542D6B8BBF002EAE00 /* QuizRepo.framework */; };
		84B1971B2D78D324000AD0A5 /* QuizRepo.framework in Embed Frameworks */ = {isa = PBXBuildFile; fileRef = 845522542D6B8BBF002EAE00 /* QuizRepo.framework */; settings = {ATTRIBUTES = (CodeSignOnCopy, RemoveHeadersOnCopy, ); }; };
		84B1971D2D78D327000AD0A5 /* QuizUI.framework in Frameworks */ = {isa = PBXBuildFile; fileRef = 845522502D6B8BBB002EAE00 /* QuizUI.framework */; };
		84B1971E2D78D327000AD0A5 /* QuizUI.framework in Embed Frameworks */ = {isa = PBXBuildFile; fileRef = 845522502D6B8BBB002EAE00 /* QuizUI.framework */; settings = {ATTRIBUTES = (CodeSignOnCopy, RemoveHeadersOnCopy, ); }; };
/* End PBXBuildFile section */

/* Begin PBXContainerItemProxy section */
		845521AC2D6B8A22002EAE00 /* PBXContainerItemProxy */ = {
			isa = PBXContainerItemProxy;
			containerPortal = 8455218E2D6B8A1F002EAE00 /* Project object */;
			proxyType = 1;
			remoteGlobalIDString = 845521952D6B8A1F002EAE00;
			remoteInfo = QuizApp;
		};
		845521B62D6B8A22002EAE00 /* PBXContainerItemProxy */ = {
			isa = PBXContainerItemProxy;
			containerPortal = 8455218E2D6B8A1F002EAE00 /* Project object */;
			proxyType = 1;
			remoteGlobalIDString = 845521952D6B8A1F002EAE00;
			remoteInfo = QuizApp;
		};
/* End PBXContainerItemProxy section */

/* Begin PBXCopyFilesBuildPhase section */
		84B1971C2D78D324000AD0A5 /* Embed Frameworks */ = {
			isa = PBXCopyFilesBuildPhase;
			buildActionMask = 2147483647;
			dstPath = "";
			dstSubfolderSpec = 10;
			files = (
				84B1971B2D78D324000AD0A5 /* QuizRepo.framework in Embed Frameworks */,
				84B1971E2D78D327000AD0A5 /* QuizUI.framework in Embed Frameworks */,
			);
			name = "Embed Frameworks";
			runOnlyForDeploymentPostprocessing = 0;
		};
/* End PBXCopyFilesBuildPhase section */

/* Begin PBXFileReference section */
		845521962D6B8A1F002EAE00 /* QuizApp.app */ = {isa = PBXFileReference; explicitFileType = wrapper.application; includeInIndex = 0; path = QuizApp.app; sourceTree = BUILT_PRODUCTS_DIR; };
		845521AB2D6B8A22002EAE00 /* QuizAppTests.xctest */ = {isa = PBXFileReference; explicitFileType = wrapper.cfbundle; includeInIndex = 0; path = QuizAppTests.xctest; sourceTree = BUILT_PRODUCTS_DIR; };
		845521B52D6B8A22002EAE00 /* QuizAppUITests.xctest */ = {isa = PBXFileReference; explicitFileType = wrapper.cfbundle; includeInIndex = 0; path = QuizAppUITests.xctest; sourceTree = BUILT_PRODUCTS_DIR; };
		8455223A2D6B8B60002EAE00 /* QuizRepo.framework */ = {isa = PBXFileReference; explicitFileType = wrapper.framework; path = QuizRepo.framework; sourceTree = BUILT_PRODUCTS_DIR; };
		8455223B2D6B8B60002EAE00 /* QuizRepoTests.xctest */ = {isa = PBXFileReference; explicitFileType = wrapper.cfbundle; path = QuizRepoTests.xctest; sourceTree = BUILT_PRODUCTS_DIR; };
		8455223C2D6B8B60002EAE00 /* QuizUI.framework */ = {isa = PBXFileReference; explicitFileType = wrapper.framework; path = QuizUI.framework; sourceTree = BUILT_PRODUCTS_DIR; };
		8455223D2D6B8B60002EAE00 /* QuizUITests.xctest */ = {isa = PBXFileReference; explicitFileType = wrapper.cfbundle; path = QuizUITests.xctest; sourceTree = BUILT_PRODUCTS_DIR; };
		8455224A2D6B8B96002EAE00 /* QuizRepo.framework */ = {isa = PBXFileReference; explicitFileType = wrapper.framework; path = QuizRepo.framework; sourceTree = BUILT_PRODUCTS_DIR; };
		8455224D2D6B8B9A002EAE00 /* QuizUI.framework */ = {isa = PBXFileReference; explicitFileType = wrapper.framework; path = QuizUI.framework; sourceTree = BUILT_PRODUCTS_DIR; };
		845522502D6B8BBB002EAE00 /* QuizUI.framework */ = {isa = PBXFileReference; explicitFileType = wrapper.framework; path = QuizUI.framework; sourceTree = BUILT_PRODUCTS_DIR; };
		845522542D6B8BBF002EAE00 /* QuizRepo.framework */ = {isa = PBXFileReference; explicitFileType = wrapper.framework; path = QuizRepo.framework; sourceTree = BUILT_PRODUCTS_DIR; };
/* End PBXFileReference section */

/* Begin PBXFileSystemSynchronizedRootGroup section */
		845521982D6B8A1F002EAE00 /* QuizApp */ = {
			isa = PBXFileSystemSynchronizedRootGroup;
			path = QuizApp;
			sourceTree = "<group>";
		};
		845521AE2D6B8A22002EAE00 /* QuizAppTests */ = {
			isa = PBXFileSystemSynchronizedRootGroup;
			path = QuizAppTests;
			sourceTree = "<group>";
		};
		845521B82D6B8A22002EAE00 /* QuizAppUITests */ = {
			isa = PBXFileSystemSynchronizedRootGroup;
			path = QuizAppUITests;
			sourceTree = "<group>";
		};
/* End PBXFileSystemSynchronizedRootGroup section */

/* Begin PBXFrameworksBuildPhase section */
		845521932D6B8A1F002EAE00 /* Frameworks */ = {
			isa = PBXFrameworksBuildPhase;
			buildActionMask = 2147483647;
			files = (
				84B1971A2D78D324000AD0A5 /* QuizRepo.framework in Frameworks */,
				84B1971D2D78D327000AD0A5 /* QuizUI.framework in Frameworks */,
			);
			runOnlyForDeploymentPostprocessing = 0;
		};
		845521A82D6B8A22002EAE00 /* Frameworks */ = {
			isa = PBXFrameworksBuildPhase;
			buildActionMask = 2147483647;
			files = (
			);
			runOnlyForDeploymentPostprocessing = 0;
		};
		845521B22D6B8A22002EAE00 /* Frameworks */ = {
			isa = PBXFrameworksBuildPhase;
			buildActionMask = 2147483647;
			files = (
			);
			runOnlyForDeploymentPostprocessing = 0;
		};
/* End PBXFrameworksBuildPhase section */

/* Begin PBXGroup section */
		406B2EA1F300B924C1644C7A /* Frameworks */ = {
			isa = PBXGroup;
			children = (
				845522542D6B8BBF002EAE00 /* QuizRepo.framework */,
				845522502D6B8BBB002EAE00 /* QuizUI.framework */,
				8455224D2D6B8B9A002EAE00 /* QuizUI.framework */,
				8455224A2D6B8B96002EAE00 /* QuizRepo.framework */,
				8455223A2D6B8B60002EAE00 /* QuizRepo.framework */,
				8455223B2D6B8B60002EAE00 /* QuizRepoTests.xctest */,
				8455223C2D6B8B60002EAE00 /* QuizUI.framework */,
				8455223D2D6B8B60002EAE00 /* QuizUITests.xctest */,
			);
			name = Frameworks;
			sourceTree = "<group>";
		};
		8455218D2D6B8A1F002EAE00 = {
			isa = PBXGroup;
			children = (
				845521982D6B8A1F002EAE00 /* QuizApp */,
				845521AE2D6B8A22002EAE00 /* QuizAppTests */,
				845521B82D6B8A22002EAE00 /* QuizAppUITests */,
				845521972D6B8A1F002EAE00 /* Products */,
				406B2EA1F300B924C1644C7A /* Frameworks */,
			);
			sourceTree = "<group>";
		};
		845521972D6B8A1F002EAE00 /* Products */ = {
			isa = PBXGroup;
			children = (
				845521962D6B8A1F002EAE00 /* QuizApp.app */,
				845521AB2D6B8A22002EAE00 /* QuizAppTests.xctest */,
				845521B52D6B8A22002EAE00 /* QuizAppUITests.xctest */,
			);
			name = Products;
			sourceTree = "<group>";
		};
/* End PBXGroup section */

/* Begin PBXNativeTarget section */
		845521952D6B8A1F002EAE00 /* QuizApp */ = {
			isa = PBXNativeTarget;
			buildConfigurationList = 845521BF2D6B8A23002EAE00 /* Build configuration list for PBXNativeTarget "QuizApp" */;
			buildPhases = (
				845521922D6B8A1F002EAE00 /* Sources */,
				845521932D6B8A1F002EAE00 /* Frameworks */,
				845521942D6B8A1F002EAE00 /* Resources */,
				84B1971C2D78D324000AD0A5 /* Embed Frameworks */,
			);
			buildRules = (
			);
			dependencies = (
			);
			fileSystemSynchronizedGroups = (
				845521982D6B8A1F002EAE00 /* QuizApp */,
			);
			name = QuizApp;
			productName = QuizApp;
			productReference = 845521962D6B8A1F002EAE00 /* QuizApp.app */;
			productType = "com.apple.product-type.application";
		};
		845521AA2D6B8A22002EAE00 /* QuizAppTests */ = {
			isa = PBXNativeTarget;
			buildConfigurationList = 845521C22D6B8A23002EAE00 /* Build configuration list for PBXNativeTarget "QuizAppTests" */;
			buildPhases = (
				845521A72D6B8A22002EAE00 /* Sources */,
				845521A82D6B8A22002EAE00 /* Frameworks */,
				845521A92D6B8A22002EAE00 /* Resources */,
			);
			buildRules = (
			);
			dependencies = (
				845521AD2D6B8A22002EAE00 /* PBXTargetDependency */,
			);
			fileSystemSynchronizedGroups = (
				845521AE2D6B8A22002EAE00 /* QuizAppTests */,
			);
			name = QuizAppTests;
			productName = QuizAppTests;
			productReference = 845521AB2D6B8A22002EAE00 /* QuizAppTests.xctest */;
			productType = "com.apple.product-type.bundle.unit-test";
		};
		845521B42D6B8A22002EAE00 /* QuizAppUITests */ = {
			isa = PBXNativeTarget;
			buildConfigurationList = 845521C52D6B8A23002EAE00 /* Build configuration list for PBXNativeTarget "QuizAppUITests" */;
			buildPhases = (
				845521B12D6B8A22002EAE00 /* Sources */,
				845521B22D6B8A22002EAE00 /* Frameworks */,
				845521B32D6B8A22002EAE00 /* Resources */,
			);
			buildRules = (
			);
			dependencies = (
				845521B72D6B8A22002EAE00 /* PBXTargetDependency */,
			);
			fileSystemSynchronizedGroups = (
				845521B82D6B8A22002EAE00 /* QuizAppUITests */,
			);
			name = QuizAppUITests;
			productName = QuizAppUITests;
			productReference = 845521B52D6B8A22002EAE00 /* QuizAppUITests.xctest */;
			productType = "com.apple.product-type.bundle.ui-testing";
		};
/* End PBXNativeTarget section */

/* Begin PBXProject section */
		8455218E2D6B8A1F002EAE00 /* Project object */ = {
			isa = PBXProject;
			attributes = {
				BuildIndependentTargetsInParallel = 1;
				LastSwiftUpdateCheck = 1620;
				LastUpgradeCheck = 1620;
				TargetAttributes = {
					845521952D6B8A1F002EAE00 = {
						CreatedOnToolsVersion = 16.2;
					};
					845521AA2D6B8A22002EAE00 = {
						CreatedOnToolsVersion = 16.2;
						TestTargetID = 845521952D6B8A1F002EAE00;
					};
					845521B42D6B8A22002EAE00 = {
						CreatedOnToolsVersion = 16.2;
						TestTargetID = 845521952D6B8A1F002EAE00;
					};
				};
			};
			buildConfigurationList = 845521912D6B8A1F002EAE00 /* Build configuration list for PBXProject "QuizApp" */;
			developmentRegion = en;
			hasScannedForEncodings = 0;
			knownRegions = (
				en,
				Base,
			);
			mainGroup = 8455218D2D6B8A1F002EAE00;
			minimizedProjectReferenceProxies = 1;
			packageReferences = (
			);
			preferredProjectObjectVersion = 77;
			productRefGroup = 845521972D6B8A1F002EAE00 /* Products */;
			projectDirPath = "";
			projectRoot = "";
			targets = (
				845521952D6B8A1F002EAE00 /* QuizApp */,
				845521AA2D6B8A22002EAE00 /* QuizAppTests */,
				845521B42D6B8A22002EAE00 /* QuizAppUITests */,
			);
		};
/* End PBXProject section */

/* Begin PBXResourcesBuildPhase section */
		845521942D6B8A1F002EAE00 /* Resources */ = {
			isa = PBXResourcesBuildPhase;
			buildActionMask = 2147483647;
			files = (
			);
			runOnlyForDeploymentPostprocessing = 0;
		};
		845521A92D6B8A22002EAE00 /* Resources */ = {
			isa = PBXResourcesBuildPhase;
			buildActionMask = 2147483647;
			files = (
			);
			runOnlyForDeploymentPostprocessing = 0;
		};
		845521B32D6B8A22002EAE00 /* Resources */ = {
			isa = PBXResourcesBuildPhase;
			buildActionMask = 2147483647;
			files = (
			);
			runOnlyForDeploymentPostprocessing = 0;
		};
/* End PBXResourcesBuildPhase section */

/* Begin PBXSourcesBuildPhase section */
		845521922D6B8A1F002EAE00 /* Sources */ = {
			isa = PBXSourcesBuildPhase;
			buildActionMask = 2147483647;
			files = (
			);
			runOnlyForDeploymentPostprocessing = 0;
		};
		845521A72D6B8A22002EAE00 /* Sources */ = {
			isa = PBXSourcesBuildPhase;
			buildActionMask = 2147483647;
			files = (
			);
			runOnlyForDeploymentPostprocessing = 0;
		};
		845521B12D6B8A22002EAE00 /* Sources */ = {
			isa = PBXSourcesBuildPhase;
			buildActionMask = 2147483647;
			files = (
			);
			runOnlyForDeploymentPostprocessing = 0;
		};
/* End PBXSourcesBuildPhase section */

/* Begin PBXTargetDependency section */
		845521AD2D6B8A22002EAE00 /* PBXTargetDependency */ = {
			isa = PBXTargetDependency;
			target = 845521952D6B8A1F002EAE00 /* QuizApp */;
			targetProxy = 845521AC2D6B8A22002EAE00 /* PBXContainerItemProxy */;
		};
		845521B72D6B8A22002EAE00 /* PBXTargetDependency */ = {
			isa = PBXTargetDependency;
			target = 845521952D6B8A1F002EAE00 /* QuizApp */;
			targetProxy = 845521B62D6B8A22002EAE00 /* PBXContainerItemProxy */;
		};
/* End PBXTargetDependency section */

/* Begin XCBuildConfiguration section */
		845521BD2D6B8A23002EAE00 /* Debug */ = {
			isa = XCBuildConfiguration;
			buildSettings = {
				ALWAYS_SEARCH_USER_PATHS = NO;
				ASSETCATALOG_COMPILER_GENERATE_SWIFT_ASSET_SYMBOL_EXTENSIONS = YES;
				CLANG_ANALYZER_NONNULL = YES;
				CLANG_ANALYZER_NUMBER_OBJECT_CONVERSION = YES_AGGRESSIVE;
				CLANG_CXX_LANGUAGE_STANDARD = "gnu++20";
				CLANG_ENABLE_MODULES = YES;
				CLANG_ENABLE_OBJC_ARC = YES;
				CLANG_ENABLE_OBJC_WEAK = YES;
				CLANG_WARN_BLOCK_CAPTURE_AUTORELEASING = YES;
				CLANG_WARN_BOOL_CONVERSION = YES;
				CLANG_WARN_COMMA = YES;
				CLANG_WARN_CONSTANT_CONVERSION = YES;
				CLANG_WARN_DEPRECATED_OBJC_IMPLEMENTATIONS = YES;
				CLANG_WARN_DIRECT_OBJC_ISA_USAGE = YES_ERROR;
				CLANG_WARN_DOCUMENTATION_COMMENTS = YES;
				CLANG_WARN_EMPTY_BODY = YES;
				CLANG_WARN_ENUM_CONVERSION = YES;
				CLANG_WARN_INFINITE_RECURSION = YES;
				CLANG_WARN_INT_CONVERSION = YES;
				CLANG_WARN_NON_LITERAL_NULL_CONVERSION = YES;
				CLANG_WARN_OBJC_IMPLICIT_RETAIN_SELF = YES;
				CLANG_WARN_OBJC_LITERAL_CONVERSION = YES;
				CLANG_WARN_OBJC_ROOT_CLASS = YES_ERROR;
				CLANG_WARN_QUOTED_INCLUDE_IN_FRAMEWORK_HEADER = YES;
				CLANG_WARN_RANGE_LOOP_ANALYSIS = YES;
				CLANG_WARN_STRICT_PROTOTYPES = YES;
				CLANG_WARN_SUSPICIOUS_MOVE = YES;
				CLANG_WARN_UNGUARDED_AVAILABILITY = YES_AGGRESSIVE;
				CLANG_WARN_UNREACHABLE_CODE = YES;
				CLANG_WARN__DUPLICATE_METHOD_MATCH = YES;
				COPY_PHASE_STRIP = NO;
				DEBUG_INFORMATION_FORMAT = dwarf;
				ENABLE_STRICT_OBJC_MSGSEND = YES;
				ENABLE_TESTABILITY = YES;
				ENABLE_USER_SCRIPT_SANDBOXING = YES;
				GCC_C_LANGUAGE_STANDARD = gnu17;
				GCC_DYNAMIC_NO_PIC = NO;
				GCC_NO_COMMON_BLOCKS = YES;
				GCC_OPTIMIZATION_LEVEL = 0;
				GCC_PREPROCESSOR_DEFINITIONS = (
					"DEBUG=1",
					"$(inherited)",
				);
				GCC_WARN_64_TO_32_BIT_CONVERSION = YES;
				GCC_WARN_ABOUT_RETURN_TYPE = YES_ERROR;
				GCC_WARN_UNDECLARED_SELECTOR = YES;
				GCC_WARN_UNINITIALIZED_AUTOS = YES_AGGRESSIVE;
				GCC_WARN_UNUSED_FUNCTION = YES;
				GCC_WARN_UNUSED_VARIABLE = YES;
				IPHONEOS_DEPLOYMENT_TARGET = 18.2;
				LOCALIZATION_PREFERS_STRING_CATALOGS = YES;
				MTL_ENABLE_DEBUG_INFO = INCLUDE_SOURCE;
				MTL_FAST_MATH = YES;
				ONLY_ACTIVE_ARCH = YES;
				SDKROOT = iphoneos;
				SWIFT_ACTIVE_COMPILATION_CONDITIONS = "DEBUG $(inherited)";
				SWIFT_OPTIMIZATION_LEVEL = "-Onone";
			};
			name = Debug;
		};
		845521BE2D6B8A23002EAE00 /* Release */ = {
			isa = XCBuildConfiguration;
			buildSettings = {
				ALWAYS_SEARCH_USER_PATHS = NO;
				ASSETCATALOG_COMPILER_GENERATE_SWIFT_ASSET_SYMBOL_EXTENSIONS = YES;
				CLANG_ANALYZER_NONNULL = YES;
				CLANG_ANALYZER_NUMBER_OBJECT_CONVERSION = YES_AGGRESSIVE;
				CLANG_CXX_LANGUAGE_STANDARD = "gnu++20";
				CLANG_ENABLE_MODULES = YES;
				CLANG_ENABLE_OBJC_ARC = YES;
				CLANG_ENABLE_OBJC_WEAK = YES;
				CLANG_WARN_BLOCK_CAPTURE_AUTORELEASING = YES;
				CLANG_WARN_BOOL_CONVERSION = YES;
				CLANG_WARN_COMMA = YES;
				CLANG_WARN_CONSTANT_CONVERSION = YES;
				CLANG_WARN_DEPRECATED_OBJC_IMPLEMENTATIONS = YES;
				CLANG_WARN_DIRECT_OBJC_ISA_USAGE = YES_ERROR;
				CLANG_WARN_DOCUMENTATION_COMMENTS = YES;
				CLANG_WARN_EMPTY_BODY = YES;
				CLANG_WARN_ENUM_CONVERSION = YES;
				CLANG_WARN_INFINITE_RECURSION = YES;
				CLANG_WARN_INT_CONVERSION = YES;
				CLANG_WARN_NON_LITERAL_NULL_CONVERSION = YES;
				CLANG_WARN_OBJC_IMPLICIT_RETAIN_SELF = YES;
				CLANG_WARN_OBJC_LITERAL_CONVERSION = YES;
				CLANG_WARN_OBJC_ROOT_CLASS = YES_ERROR;
				CLANG_WARN_QUOTED_INCLUDE_IN_FRAMEWORK_HEADER = YES;
				CLANG_WARN_RANGE_LOOP_ANALYSIS = YES;
				CLANG_WARN_STRICT_PROTOTYPES = YES;
				CLANG_WARN_SUSPICIOUS_MOVE = YES;
				CLANG_WARN_UNGUARDED_AVAILABILITY = YES_AGGRESSIVE;
				CLANG_WARN_UNREACHABLE_CODE = YES;
				CLANG_WARN__DUPLICATE_METHOD_MATCH = YES;
				COPY_PHASE_STRIP = NO;
				DEBUG_INFORMATION_FORMAT = "dwarf-with-dsym";
				ENABLE_NS_ASSERTIONS = NO;
				ENABLE_STRICT_OBJC_MSGSEND = YES;
				ENABLE_USER_SCRIPT_SANDBOXING = YES;
				GCC_C_LANGUAGE_STANDARD = gnu17;
				GCC_NO_COMMON_BLOCKS = YES;
				GCC_WARN_64_TO_32_BIT_CONVERSION = YES;
				GCC_WARN_ABOUT_RETURN_TYPE = YES_ERROR;
				GCC_WARN_UNDECLARED_SELECTOR = YES;
				GCC_WARN_UNINITIALIZED_AUTOS = YES_AGGRESSIVE;
				GCC_WARN_UNUSED_FUNCTION = YES;
				GCC_WARN_UNUSED_VARIABLE = YES;
				IPHONEOS_DEPLOYMENT_TARGET = 18.2;
				LOCALIZATION_PREFERS_STRING_CATALOGS = YES;
				MTL_ENABLE_DEBUG_INFO = NO;
				MTL_FAST_MATH = YES;
				SDKROOT = iphoneos;
				SWIFT_COMPILATION_MODE = wholemodule;
				VALIDATE_PRODUCT = YES;
			};
			name = Release;
		};
		845521C02D6B8A23002EAE00 /* Debug */ = {
			isa = XCBuildConfiguration;
			buildSettings = {
				ASSETCATALOG_COMPILER_APPICON_NAME = AppIcon;
				ASSETCATALOG_COMPILER_GLOBAL_ACCENT_COLOR_NAME = AccentColor;
				CODE_SIGN_IDENTITY = "Apple Development";
				CODE_SIGN_STYLE = Automatic;
				CURRENT_PROJECT_VERSION = 1;
				DEVELOPMENT_ASSET_PATHS = "\"QuizApp/Preview Content\"";
				DEVELOPMENT_TEAM = "";
				ENABLE_PREVIEWS = YES;
				GENERATE_INFOPLIST_FILE = YES;
				INFOPLIST_KEY_CFBundleDisplayName = "Infinity Quiz";
				INFOPLIST_KEY_LSApplicationCategoryType = "public.app-category.trivia-games";
				INFOPLIST_KEY_UIApplicationSceneManifest_Generation = YES;
				INFOPLIST_KEY_UIApplicationSupportsIndirectInputEvents = YES;
				INFOPLIST_KEY_UILaunchScreen_Generation = YES;
				INFOPLIST_KEY_UISupportedInterfaceOrientations_iPad = "UIInterfaceOrientationPortrait UIInterfaceOrientationPortraitUpsideDown UIInterfaceOrientationLandscapeLeft UIInterfaceOrientationLandscapeRight";
				INFOPLIST_KEY_UISupportedInterfaceOrientations_iPhone = "UIInterfaceOrientationPortrait UIInterfaceOrientationLandscapeLeft UIInterfaceOrientationLandscapeRight";
				IPHONEOS_DEPLOYMENT_TARGET = 15.0;
				LD_RUNPATH_SEARCH_PATHS = (
					"$(inherited)",
					"@executable_path/Frameworks",
				);
				MARKETING_VERSION = 1.0;
				PRODUCT_BUNDLE_IDENTIFIER = com.fazal.quizapp;
				PRODUCT_NAME = "$(TARGET_NAME)";
				PROVISIONING_PROFILE_SPECIFIER = "";
				SUPPORTED_PLATFORMS = "iphoneos iphonesimulator";
				SUPPORTS_MACCATALYST = NO;
				SUPPORTS_XR_DESIGNED_FOR_IPHONE_IPAD = YES;
				SWIFT_EMIT_LOC_STRINGS = YES;
				SWIFT_VERSION = 5.0;
				TARGETED_DEVICE_FAMILY = "1,2";
			};
			name = Debug;
		};
		845521C12D6B8A23002EAE00 /* Release */ = {
			isa = XCBuildConfiguration;
			buildSettings = {
				ASSETCATALOG_COMPILER_APPICON_NAME = AppIcon;
				ASSETCATALOG_COMPILER_GLOBAL_ACCENT_COLOR_NAME = AccentColor;
				CODE_SIGN_IDENTITY = "Apple Development";
				CODE_SIGN_STYLE = Automatic;
				CURRENT_PROJECT_VERSION = 1;
				DEVELOPMENT_ASSET_PATHS = "\"QuizApp/Preview Content\"";
				DEVELOPMENT_TEAM = "";
				ENABLE_PREVIEWS = YES;
				GENERATE_INFOPLIST_FILE = YES;
				INFOPLIST_KEY_CFBundleDisplayName = "Infinity Quiz";
				INFOPLIST_KEY_LSApplicationCategoryType = "public.app-category.trivia-games";
				INFOPLIST_KEY_UIApplicationSceneManifest_Generation = YES;
				INFOPLIST_KEY_UIApplicationSupportsIndirectInputEvents = YES;
				INFOPLIST_KEY_UILaunchScreen_Generation = YES;
				INFOPLIST_KEY_UISupportedInterfaceOrientations_iPad = "UIInterfaceOrientationPortrait UIInterfaceOrientationPortraitUpsideDown UIInterfaceOrientationLandscapeLeft UIInterfaceOrientationLandscapeRight";
				INFOPLIST_KEY_UISupportedInterfaceOrientations_iPhone = "UIInterfaceOrientationPortrait UIInterfaceOrientationLandscapeLeft UIInterfaceOrientationLandscapeRight";
				IPHONEOS_DEPLOYMENT_TARGET = 15.0;
				LD_RUNPATH_SEARCH_PATHS = (
					"$(inherited)",
					"@executable_path/Frameworks",
				);
				MARKETING_VERSION = 1.0;
				PRODUCT_BUNDLE_IDENTIFIER = com.fazal.quizapp;
				PRODUCT_NAME = "$(TARGET_NAME)";
				PROVISIONING_PROFILE_SPECIFIER = "";
				SUPPORTED_PLATFORMS = "iphoneos iphonesimulator";
				SUPPORTS_MACCATALYST = NO;
				SUPPORTS_XR_DESIGNED_FOR_IPHONE_IPAD = YES;
				SWIFT_EMIT_LOC_STRINGS = YES;
				SWIFT_VERSION = 5.0;
				TARGETED_DEVICE_FAMILY = "1,2";
			};
			name = Release;
		};
		845521C32D6B8A23002EAE00 /* Debug */ = {
			isa = XCBuildConfiguration;
			buildSettings = {
				BUNDLE_LOADER = "$(TEST_HOST)";
				CODE_SIGN_STYLE = Automatic;
				CURRENT_PROJECT_VERSION = 1;
				GENERATE_INFOPLIST_FILE = YES;
				IPHONEOS_DEPLOYMENT_TARGET = 18.2;
				MARKETING_VERSION = 1.0;
				PRODUCT_BUNDLE_IDENTIFIER = com.fazal.QuizAppTests;
				PRODUCT_NAME = "$(TARGET_NAME)";
				SWIFT_EMIT_LOC_STRINGS = NO;
				SWIFT_VERSION = 5.0;
				TARGETED_DEVICE_FAMILY = "1,2";
				TEST_HOST = "$(BUILT_PRODUCTS_DIR)/QuizApp.app/$(BUNDLE_EXECUTABLE_FOLDER_PATH)/QuizApp";
			};
			name = Debug;
		};
		845521C42D6B8A23002EAE00 /* Release */ = {
			isa = XCBuildConfiguration;
			buildSettings = {
				BUNDLE_LOADER = "$(TEST_HOST)";
				CODE_SIGN_STYLE = Automatic;
				CURRENT_PROJECT_VERSION = 1;
				GENERATE_INFOPLIST_FILE = YES;
				IPHONEOS_DEPLOYMENT_TARGET = 18.2;
				MARKETING_VERSION = 1.0;
				PRODUCT_BUNDLE_IDENTIFIER = com.fazal.QuizAppTests;
				PRODUCT_NAME = "$(TARGET_NAME)";
				SWIFT_EMIT_LOC_STRINGS = NO;
				SWIFT_VERSION = 5.0;
				TARGETED_DEVICE_FAMILY = "1,2";
				TEST_HOST = "$(BUILT_PRODUCTS_DIR)/QuizApp.app/$(BUNDLE_EXECUTABLE_FOLDER_PATH)/QuizApp";
			};
			name = Release;
		};
		845521C62D6B8A23002EAE00 /* Debug */ = {
			isa = XCBuildConfiguration;
			buildSettings = {
				CODE_SIGN_STYLE = Automatic;
				CURRENT_PROJECT_VERSION = 1;
				GENERATE_INFOPLIST_FILE = YES;
				MARKETING_VERSION = 1.0;
				PRODUCT_BUNDLE_IDENTIFIER = com.fazal.QuizAppUITests;
				PRODUCT_NAME = "$(TARGET_NAME)";
				SWIFT_EMIT_LOC_STRINGS = NO;
				SWIFT_VERSION = 5.0;
				TARGETED_DEVICE_FAMILY = "1,2";
				TEST_TARGET_NAME = QuizApp;
			};
			name = Debug;
		};
		845521C72D6B8A23002EAE00 /* Release */ = {
			isa = XCBuildConfiguration;
			buildSettings = {
				CODE_SIGN_STYLE = Automatic;
				CURRENT_PROJECT_VERSION = 1;
				GENERATE_INFOPLIST_FILE = YES;
				MARKETING_VERSION = 1.0;
				PRODUCT_BUNDLE_IDENTIFIER = com.fazal.QuizAppUITests;
				PRODUCT_NAME = "$(TARGET_NAME)";
				SWIFT_EMIT_LOC_STRINGS = NO;
				SWIFT_VERSION = 5.0;
				TARGETED_DEVICE_FAMILY = "1,2";
				TEST_TARGET_NAME = QuizApp;
			};
			name = Release;
		};
/* End XCBuildConfiguration section */

/* Begin XCConfigurationList section */
		845521912D6B8A1F002EAE00 /* Build configuration list for PBXProject "QuizApp" */ = {
			isa = XCConfigurationList;
			buildConfigurations = (
				845521BD2D6B8A23002EAE00 /* Debug */,
				845521BE2D6B8A23002EAE00 /* Release */,
			);
			defaultConfigurationIsVisible = 0;
			defaultConfigurationName = Release;
		};
		845521BF2D6B8A23002EAE00 /* Build configuration list for PBXNativeTarget "QuizApp" */ = {
			isa = XCConfigurationList;
			buildConfigurations = (
				845521C02D6B8A23002EAE00 /* Debug */,
				845521C12D6B8A23002EAE00 /* Release */,
			);
			defaultConfigurationIsVisible = 0;
			defaultConfigurationName = Release;
		};
		845521C22D6B8A23002EAE00 /* Build configuration list for PBXNativeTarget "QuizAppTests" */ = {
			isa = XCConfigurationList;
			buildConfigurations = (
				845521C32D6B8A23002EAE00 /* Debug */,
				845521C42D6B8A23002EAE00 /* Release */,
			);
			defaultConfigurationIsVisible = 0;
			defaultConfigurationName = Release;
		};
		845521C52D6B8A23002EAE00 /* Build configuration list for PBXNativeTarget "QuizAppUITests" */ = {
			isa = XCConfigurationList;
			buildConfigurations = (
				845521C62D6B8A23002EAE00 /* Debug */,
				845521C72D6B8A23002EAE00 /* Release */,
			);
			defaultConfigurationIsVisible = 0;
			defaultConfigurationName = Release;
		};
/* End XCConfigurationList section */
	};
	rootObject = 8455218E2D6B8A1F002EAE00 /* Project object */;
}
